
Microsoft Visual Studio Solution File, Format Version 12.00
# Visual Studio Version 17
VisualStudioVersion = 17.0.31903.59
MinimumVisualStudioVersion = 10.0.40219.1
Project("{2150E333-8FDC-42A3-9474-1A3956D46DE8}") = "src", "src", "{827E0CD3-B72D-47B6-A68D-7590B98EB39B}"
EndProject
Project("{FAE04EC0-301F-11D3-BF4B-00C04F79EFBC}") = "TradeBook.Api", "src\TradeBook.Api\TradeBook.Api.csproj", "{AD55F07C-D638-4C60-8199-273834AA2B04}"
EndProject
Project("{FAE04EC0-301F-11D3-BF4B-00C04F79EFBC}") = "TradeBook.Tests", "tests\TradeBook.Tests\TradeBook.Tests.csproj", "{37E44749-FD6B-42A4-8984-C7D00E94B13B}"
EndProject
Global
	GlobalSection(SolutionConfigurationPlatforms) = preSolution
		Debug|Any CPU = Debug|Any CPU
		Debug|x64 = Debug|x64
		Debug|x86 = Debug|x86
		Release|Any CPU = Release|Any CPU
		Release|x64 = Release|x64
		Release|x86 = Release|x86
	EndGlobalSection
	GlobalSection(ProjectConfigurationPlatforms) = postSolution
		{AD55F07C-D638-4C60-8199-273834AA2B04}.Debug|Any CPU.ActiveCfg = Debug|Any CPU
		{AD55F07C-D638-4C60-8199-273834AA2B04}.Debug|Any CPU.Build.0 = Debug|Any CPU
		{AD55F07C-D638-4C60-8199-273834AA2B04}.Debug|x64.ActiveCfg = Debug|Any CPU
		{AD55F07C-D638-4C60-8199-273834AA2B04}.Debug|x64.Build.0 = Debug|Any CPU
		{AD55F07C-D638-4C60-8199-273834AA2B04}.Debug|x86.ActiveCfg = Debug|Any CPU
		{AD55F07C-D638-4C60-8199-273834AA2B04}.Debug|x86.Build.0 = Debug|Any CPU
		{AD55F07C-D638-4C60-8199-273834AA2B04}.Release|Any CPU.ActiveCfg = Release|Any CPU
		{AD55F07C-D638-4C60-8199-273834AA2B04}.Release|Any CPU.Build.0 = Release|Any CPU
		{AD55F07C-D638-4C60-8199-273834AA2B04}.Release|x64.ActiveCfg = Release|Any CPU
		{AD55F07C-D638-4C60-8199-273834AA2B04}.Release|x64.Build.0 = Release|Any CPU
		{AD55F07C-D638-4C60-8199-273834AA2B04}.Release|x86.ActiveCfg = Release|Any CPU
		{AD55F07C-D638-4C60-8199-273834AA2B04}.Release|x86.Build.0 = Release|Any CPU
		{37E44749-FD6B-42A4-8984-C7D00E94B13B}.Debug|Any CPU.ActiveCfg = Debug|Any CPU
		{37E44749-FD6B-42A4-8984-C7D00E94B13B}.Debug|Any CPU.Build.0 = Debug|Any CPU
		{37E44749-FD6B-42A4-8984-C7D00E94B13B}.Debug|x64.ActiveCfg = Debug|Any CPU
		{37E44749-FD6B-42A4-8984-C7D00E94B13B}.Debug|x64.Build.0 = Debug|Any CPU
		{37E44749-FD6B-42A4-8984-C7D00E94B13B}.Debug|x86.ActiveCfg = Debug|Any CPU
		{37E44749-FD6B-42A4-8984-C7D00E94B13B}.Debug|x86.Build.0 = Debug|Any CPU
		{37E44749-FD6B-42A4-8984-C7D00E94B13B}.Release|Any CPU.ActiveCfg = Release|Any CPU
		{37E44749-FD6B-42A4-8984-C7D00E94B13B}.Release|Any CPU.Build.0 = Release|Any CPU
		{37E44749-FD6B-42A4-8984-C7D00E94B13B}.Release|x64.ActiveCfg = Release|Any CPU
		{37E44749-FD6B-42A4-8984-C7D00E94B13B}.Release|x64.Build.0 = Release|Any CPU
		{37E44749-FD6B-42A4-8984-C7D00E94B13B}.Release|x86.ActiveCfg = Release|Any CPU
		{37E44749-FD6B-42A4-8984-C7D00E94B13B}.Release|x86.Build.0 = Release|Any CPU
	EndGlobalSection
	GlobalSection(SolutionProperties) = preSolution
		HideSolutionNode = FALSE
	EndGlobalSection
	GlobalSection(NestedProjects) = preSolution
		{AD55F07C-D638-4C60-8199-273834AA2B04} = {827E0CD3-B72D-47B6-A68D-7590B98EB39B}
		{37E44749-FD6B-42A4-8984-C7D00E94B13B} = {827E0CD3-B72D-47B6-A68D-7590B98EB39B}
	EndGlobalSection
EndGlobal
